hash: 2a4b070283b33c2b77ffe01481573e0daa8f66b7bd53ef11213842dbeaba8454
updated: 2017-08-17T10:44:43.018345406+07:00
imports:
- name: github.com/golang/protobuf
  version: ab9f9a6dab164b7d1246e0e688b0ab7b94d8553e
  subpackages:
  - proto
- name: github.com/gorilla/context
  version: 08b5f424b9271eedf6f9f0ce86cb9396ed337a42
- name: github.com/gorilla/mux
  version: bcd8bc72b08df0f70df986b97f95590779502d31
- name: github.com/jmoiron/sqlx
  version: d9bd385d68c068f1fabb5057e3dedcbcbb039d0f
  subpackages:
  - reflectx
- name: github.com/lib/pq
  version: e42267488fe361b9dc034be7a6bffef5b195bceb
  subpackages:
  - oid
- name: github.com/Pallinder/go-randomdata
  version: 8c3362a5e6781e0d1046f1267b3c1f19b2cde334
- name: github.com/satori/go.uuid
  version: 879c5887cd475cd7864858769793b2ceb0d44feb
- name: golang.org/x/net
  version: 1c05540f6879653db88113bc4a2b70aec4bd491f
  subpackages:
  - context
  - context/ctxhttp
- name: golang.org/x/oauth2
  version: 9a379c6b3e95a790ffc43293c2a78dee0d7b6e20
  subpackages:
  - facebook
  - internal
- name: google.golang.org/appengine
  version: d9a072cfa7b9736e44311ef77b3e09d804bfa599
  subpackages:
  - internal
  - internal/base
  - internal/datastore
  - internal/log
  - internal/remote_api
  - internal/urlfetch
  - urlfetch
testImports: []
